{
  "name": "vk-country-state-city",
  "version": "1.0.1",
  "lockfileVersion": 2,
  "requires": true,
  "packages": {
    "": {
      "name": "vk-country-state-city",
      "version": "1.0.1",
      "license": "ISC",
      "dependencies": {
        "vk-country-state-city": "^1.0.1"
      }
    },
    "node_modules/vk-country-state-city": {
      "version": "1.0.1",
      "resolved": "https://registry.npmjs.org/vk-country-state-city/-/vk-country-state-city-1.0.1.tgz",
      "integrity": "sha512-3n3wiIzudh4J+HpfLp2fyPc2aZFsxFmK2A60F+TdzoIKUWti9+dKz2Qau1oCo4yumWZq67MS+6fKPHDzeEVRSw=="
    }
  },
  "dependencies": {
    "vk-country-state-city": {
      "version": "1.0.1",
      "resolved": "https://registry.npmjs.org/vk-country-state-city/-/vk-country-state-city-1.0.1.tgz",
      "integrity": "sha512-3n3wiIzudh4J+HpfLp2fyPc2aZFsxFmK2A60F+TdzoIKUWti9+dKz2Qau1oCo4yumWZq67MS+6fKPHDzeEVRSw=="
    }
  }
}
